// !$*UTF8*$!
{
	archiveVersion = 1;
	classes = {
	};
	objectVersion = 55;
	objects = {

/* Begin PBXBuildFile section */
		471E154E285A209000BC1729 /* CatApp.swift in Sources */ = {isa = PBXBuildFile; fileRef = 471E154D285A209000BC1729 /* CatApp.swift */; };
		471E1550285A2EB300BC1729 /* CatList.swift in Sources */ = {isa = PBXBuildFile; fileRef = 471E154F285A2EB300BC1729 /* CatList.swift */; };
		471E1552285A2F7000BC1729 /* CatCell.swift in Sources */ = {isa = PBXBuildFile; fileRef = 471E1551285A2F7000BC1729 /* CatCell.swift */; };
		471E1554285A336F00BC1729 /* ObservableObject.swift in Sources */ = {isa = PBXBuildFile; fileRef = 471E1553285A336F00BC1729 /* ObservableObject.swift */; };
		4725EC782858DC66002C27A7 /* CatView.swift in Sources */ = {isa = PBXBuildFile; fileRef = 4725EC772858DC66002C27A7 /* CatView.swift */; };
		4725EC7A2858DC67002C27A7 /* Assets.xcassets in Resources */ = {isa = PBXBuildFile; fileRef = 4725EC792858DC67002C27A7 /* Assets.xcassets */; };
		4725EC7D2858DC67002C27A7 /* Preview Assets.xcassets in Resources */ = {isa = PBXBuildFile; fileRef = 4725EC7C2858DC67002C27A7 /* Preview Assets.xcassets */; };
		47498F0128762BB20031615E /* CatAppUITests.swift in Sources */ = {isa = PBXBuildFile; fileRef = 47498F0028762BB20031615E /* CatAppUITests.swift */; };
		47498F0328762BB20031615E /* CatAppUITestsLaunchTests.swift in Sources */ = {isa = PBXBuildFile; fileRef = 47498F0228762BB20031615E /* CatAppUITestsLaunchTests.swift */; };
		47498F0A28762BC00031615E /* SnapshotHelper.swift in Sources */ = {isa = PBXBuildFile; fileRef = 47498F0928762BC00031615E /* SnapshotHelper.swift */; };
		474ABF3E2863592000092FCF /* GoogleService-Info.plist in Resources */ = {isa = PBXBuildFile; fileRef = 474ABF3D2863592000092FCF /* GoogleService-Info.plist */; };
		474ABF4128635E3200092FCF /* FirebaseAppDistribution-Beta in Frameworks */ = {isa = PBXBuildFile; productRef = 474ABF4028635E3200092FCF /* FirebaseAppDistribution-Beta */; };
		474ABF4328635E3200092FCF /* FirebaseCrashlytics in Frameworks */ = {isa = PBXBuildFile; productRef = 474ABF4228635E3200092FCF /* FirebaseCrashlytics */; };
		474ABF4528635E3200092FCF /* FirebasePerformance in Frameworks */ = {isa = PBXBuildFile; productRef = 474ABF4428635E3200092FCF /* FirebasePerformance */; };
		474ABF542863686D00092FCF /* Networking.framework in Frameworks */ = {isa = PBXBuildFile; fileRef = 474ABF532863686D00092FCF /* Networking.framework */; };
		474ABF552863686D00092FCF /* Networking.framework in Embed Frameworks */ = {isa = PBXBuildFile; fileRef = 474ABF532863686D00092FCF /* Networking.framework */; settings = {ATTRIBUTES = (CodeSignOnCopy, RemoveHeadersOnCopy, ); }; };
/* End PBXBuildFile section */

/* Begin PBXContainerItemProxy section */
		47498F0428762BB20031615E /* PBXContainerItemProxy */ = {
			isa = PBXContainerItemProxy;
			containerPortal = 4725EC6A2858DC66002C27A7 /* Project object */;
			proxyType = 1;
			remoteGlobalIDString = 4725EC712858DC66002C27A7;
			remoteInfo = CatApp;
		};
/* End PBXContainerItemProxy section */

/* Begin PBXCopyFilesBuildPhase section */
		474ABF562863686D00092FCF /* Embed Frameworks */ = {
			isa = PBXCopyFilesBuildPhase;
			buildActionMask = 2147483647;
			dstPath = "";
			dstSubfolderSpec = 10;
			files = (
				474ABF552863686D00092FCF /* Networking.framework in Embed Frameworks */,
			);
			name = "Embed Frameworks";
			runOnlyForDeploymentPostprocessing = 0;
		};
/* End PBXCopyFilesBuildPhase section */

/* Begin PBXFileReference section */
		471E154D285A209000BC1729 /* CatApp.swift */ = {isa = PBXFileReference; lastKnownFileType = sourcecode.swift; path = CatApp.swift; sourceTree = "<group>"; };
		471E154F285A2EB300BC1729 /* CatList.swift */ = {isa = PBXFileReference; lastKnownFileType = sourcecode.swift; path = CatList.swift; sourceTree = "<group>"; };
		471E1551285A2F7000BC1729 /* CatCell.swift */ = {isa = PBXFileReference; lastKnownFileType = sourcecode.swift; path = CatCell.swift; sourceTree = "<group>"; };
		471E1553285A336F00BC1729 /* ObservableObject.swift */ = {isa = PBXFileReference; lastKnownFileType = sourcecode.swift; path = ObservableObject.swift; sourceTree = "<group>"; };
		471FF0A3286CBB550040EB9C /* Info.plist */ = {isa = PBXFileReference; lastKnownFileType = text.plist; path = Info.plist; sourceTree = "<group>"; };
		4725EC722858DC66002C27A7 /* CatApp.app */ = {isa = PBXFileReference; explicitFileType = wrapper.application; includeInIndex = 0; path = CatApp.app; sourceTree = BUILT_PRODUCTS_DIR; };
		4725EC772858DC66002C27A7 /* CatView.swift */ = {isa = PBXFileReference; lastKnownFileType = sourcecode.swift; path = CatView.swift; sourceTree = "<group>"; };
		4725EC792858DC67002C27A7 /* Assets.xcassets */ = {isa = PBXFileReference; lastKnownFileType = folder.assetcatalog; path = Assets.xcassets; sourceTree = "<group>"; };
		4725EC7C2858DC67002C27A7 /* Preview Assets.xcassets */ = {isa = PBXFileReference; lastKnownFileType = folder.assetcatalog; path = "Preview Assets.xcassets"; sourceTree = "<group>"; };
		47498EFE28762BB20031615E /* CatAppUITests.xctest */ = {isa = PBXFileReference; explicitFileType = wrapper.cfbundle; includeInIndex = 0; path = CatAppUITests.xctest; sourceTree = BUILT_PRODUCTS_DIR; };
		47498F0028762BB20031615E /* CatAppUITests.swift */ = {isa = PBXFileReference; lastKnownFileType = sourcecode.swift; path = CatAppUITests.swift; sourceTree = "<group>"; };
		47498F0228762BB20031615E /* CatAppUITestsLaunchTests.swift */ = {isa = PBXFileReference; lastKnownFileType = sourcecode.swift; path = CatAppUITestsLaunchTests.swift; sourceTree = "<group>"; };
		47498F0928762BC00031615E /* SnapshotHelper.swift */ = {isa = PBXFileReference; fileEncoding = 4; lastKnownFileType = sourcecode.swift; path = SnapshotHelper.swift; sourceTree = "<group>"; };
		474ABF3D2863592000092FCF /* GoogleService-Info.plist */ = {isa = PBXFileReference; fileEncoding = 4; lastKnownFileType = text.plist.xml; path = "GoogleService-Info.plist"; sourceTree = "<group>"; };
		474ABF532863686D00092FCF /* Networking.framework */ = {isa = PBXFileReference; explicitFileType = wrapper.framework; path = Networking.framework; sourceTree = BUILT_PRODUCTS_DIR; };
/* End PBXFileReference section */

/* Begin PBXFrameworksBuildPhase section */
		4725EC6F2858DC66002C27A7 /* Frameworks */ = {
			isa = PBXFrameworksBuildPhase;
			buildActionMask = 2147483647;
			files = (
				474ABF542863686D00092FCF /* Networking.framework in Frameworks */,
				474ABF4328635E3200092FCF /* FirebaseCrashlytics in Frameworks */,
				474ABF4528635E3200092FCF /* FirebasePerformance in Frameworks */,
				474ABF4128635E3200092FCF /* FirebaseAppDistribution-Beta in Frameworks */,
			);
			runOnlyForDeploymentPostprocessing = 0;
		};
		47498EFB28762BB20031615E /* Frameworks */ = {
			isa = PBXFrameworksBuildPhase;
			buildActionMask = 2147483647;
			files = (
			);
			runOnlyForDeploymentPostprocessing = 0;
		};
/* End PBXFrameworksBuildPhase section */

/* Begin PBXGroup section */
		471E154A2858E38300BC1729 /* Frameworks */ = {
			isa = PBXGroup;
			children = (
				474ABF532863686D00092FCF /* Networking.framework */,
			);
			name = Frameworks;
			sourceTree = "<group>";
		};
		4725EC692858DC66002C27A7 = {
			isa = PBXGroup;
			children = (
				4725EC742858DC66002C27A7 /* CatApp */,
				47498EFF28762BB20031615E /* CatAppUITests */,
				4725EC732858DC66002C27A7 /* Products */,
				471E154A2858E38300BC1729 /* Frameworks */,
			);
			sourceTree = "<group>";
		};
		4725EC732858DC66002C27A7 /* Products */ = {
			isa = PBXGroup;
			children = (
				4725EC722858DC66002C27A7 /* CatApp.app */,
				47498EFE28762BB20031615E /* CatAppUITests.xctest */,
			);
			name = Products;
			sourceTree = "<group>";
		};
		4725EC742858DC66002C27A7 /* CatApp */ = {
			isa = PBXGroup;
			children = (
				471FF0A3286CBB550040EB9C /* Info.plist */,
				474ABF3D2863592000092FCF /* GoogleService-Info.plist */,
				471E154D285A209000BC1729 /* CatApp.swift */,
				4725EC772858DC66002C27A7 /* CatView.swift */,
				471E154F285A2EB300BC1729 /* CatList.swift */,
				471E1551285A2F7000BC1729 /* CatCell.swift */,
				471E1553285A336F00BC1729 /* ObservableObject.swift */,
				4725EC792858DC67002C27A7 /* Assets.xcassets */,
				4725EC7B2858DC67002C27A7 /* Preview Content */,
			);
			path = CatApp;
			sourceTree = "<group>";
		};
		4725EC7B2858DC67002C27A7 /* Preview Content */ = {
			isa = PBXGroup;
			children = (
				4725EC7C2858DC67002C27A7 /* Preview Assets.xcassets */,
			);
			path = "Preview Content";
			sourceTree = "<group>";
		};
		47498EFF28762BB20031615E /* CatAppUITests */ = {
			isa = PBXGroup;
			children = (
				47498F0928762BC00031615E /* SnapshotHelper.swift */,
				47498F0028762BB20031615E /* CatAppUITests.swift */,
				47498F0228762BB20031615E /* CatAppUITestsLaunchTests.swift */,
			);
			path = CatAppUITests;
			sourceTree = "<group>";
		};
/* End PBXGroup section */

/* Begin PBXNativeTarget section */
		4725EC712858DC66002C27A7 /* CatApp */ = {
			isa = PBXNativeTarget;
			buildConfigurationList = 4725EC802858DC67002C27A7 /* Build configuration list for PBXNativeTarget "CatApp" */;
			buildPhases = (
				4725EC6E2858DC66002C27A7 /* Sources */,
				4725EC6F2858DC66002C27A7 /* Frameworks */,
				4725EC702858DC66002C27A7 /* Resources */,
				474ABF562863686D00092FCF /* Embed Frameworks */,
				474ABF572863730E00092FCF /* ShellScript */,
			);
			buildRules = (
			);
			dependencies = (
			);
			name = CatApp;
			packageProductDependencies = (
				474ABF4028635E3200092FCF /* FirebaseAppDistribution-Beta */,
				474ABF4228635E3200092FCF /* FirebaseCrashlytics */,
				474ABF4428635E3200092FCF /* FirebasePerformance */,
			);
			productName = CatApp;
			productReference = 4725EC722858DC66002C27A7 /* CatApp.app */;
			productType = "com.apple.product-type.application";
		};
		47498EFD28762BB20031615E /* CatAppUITests */ = {
			isa = PBXNativeTarget;
			buildConfigurationList = 47498F0828762BB20031615E /* Build configuration list for PBXNativeTarget "CatAppUITests" */;
			buildPhases = (
				47498EFA28762BB20031615E /* Sources */,
				47498EFB28762BB20031615E /* Frameworks */,
				47498EFC28762BB20031615E /* Resources */,
			);
			buildRules = (
			);
			dependencies = (
				47498F0528762BB20031615E /* PBXTargetDependency */,
			);
			name = CatAppUITests;
			productName = CatAppUITests;
			productReference = 47498EFE28762BB20031615E /* CatAppUITests.xctest */;
			productType = "com.apple.product-type.bundle.ui-testing";
		};
/* End PBXNativeTarget section */

/* Begin PBXProject section */
		4725EC6A2858DC66002C27A7 /* Project object */ = {
			isa = PBXProject;
			attributes = {
				BuildIndependentTargetsInParallel = 1;
				LastSwiftUpdateCheck = 1340;
				LastUpgradeCheck = 1340;
				TargetAttributes = {
					4725EC712858DC66002C27A7 = {
						CreatedOnToolsVersion = 13.4.1;
					};
					47498EFD28762BB20031615E = {
						CreatedOnToolsVersion = 13.4.1;
						TestTargetID = 4725EC712858DC66002C27A7;
					};
				};
			};
			buildConfigurationList = 4725EC6D2858DC66002C27A7 /* Build configuration list for PBXProject "CatApp" */;
			compatibilityVersion = "Xcode 13.0";
			developmentRegion = en;
			hasScannedForEncodings = 0;
			knownRegions = (
				en,
				Base,
			);
			mainGroup = 4725EC692858DC66002C27A7;
			packageReferences = (
				474ABF3F28635E3200092FCF /* XCRemoteSwiftPackageReference "firebase-ios-sdk" */,
			);
			productRefGroup = 4725EC732858DC66002C27A7 /* Products */;
			projectDirPath = "";
			projectRoot = "";
			targets = (
				4725EC712858DC66002C27A7 /* CatApp */,
				47498EFD28762BB20031615E /* CatAppUITests */,
			);
		};
/* End PBXProject section */

/* Begin PBXResourcesBuildPhase section */
		4725EC702858DC66002C27A7 /* Resources */ = {
			isa = PBXResourcesBuildPhase;
			buildActionMask = 2147483647;
			files = (
				4725EC7D2858DC67002C27A7 /* Preview Assets.xcassets in Resources */,
				4725EC7A2858DC67002C27A7 /* Assets.xcassets in Resources */,
				474ABF3E2863592000092FCF /* GoogleService-Info.plist in Resources */,
			);
			runOnlyForDeploymentPostprocessing = 0;
		};
		47498EFC28762BB20031615E /* Resources */ = {
			isa = PBXResourcesBuildPhase;
			buildActionMask = 2147483647;
			files = (
			);
			runOnlyForDeploymentPostprocessing = 0;
		};
/* End PBXResourcesBuildPhase section */

/* Begin PBXShellScriptBuildPhase section */
		474ABF572863730E00092FCF /* ShellScript */ = {
			isa = PBXShellScriptBuildPhase;
			buildActionMask = 2147483647;
			files = (
			);
			inputFileListPaths = (
			);
			inputPaths = (
				"${DWARF_DSYM_FOLDER_PATH}/${DWARF_DSYM_FILE_NAME}/Contents/Resources/DWARF/${TARGET_NAME}",
				"$(SRCROOT)/$(BUILT_PRODUCTS_DIR)/$(INFOPLIST_PATH)",
			);
			outputFileListPaths = (
			);
			outputPaths = (
			);
			runOnlyForDeploymentPostprocessing = 0;
			shellPath = /bin/sh;
			shellScript = "# Type a script or drag a script file from your workspace to insert its path.\n\"${BUILD_DIR%/Build/*}/SourcePackages/checkouts/firebase-ios-sdk/Crashlytics/run\"\n";
		};
/* End PBXShellScriptBuildPhase section */

/* Begin PBXSourcesBuildPhase section */
		4725EC6E2858DC66002C27A7 /* Sources */ = {
			isa = PBXSourcesBuildPhase;
			buildActionMask = 2147483647;
			files = (
				471E1554285A336F00BC1729 /* ObservableObject.swift in Sources */,
				471E1550285A2EB300BC1729 /* CatList.swift in Sources */,
				471E154E285A209000BC1729 /* CatApp.swift in Sources */,
				4725EC782858DC66002C27A7 /* CatView.swift in Sources */,
				471E1552285A2F7000BC1729 /* CatCell.swift in Sources */,
			);
			runOnlyForDeploymentPostprocessing = 0;
		};
		47498EFA28762BB20031615E /* Sources */ = {
			isa = PBXSourcesBuildPhase;
			buildActionMask = 2147483647;
			files = (
				47498F0128762BB20031615E /* CatAppUITests.swift in Sources */,
				47498F0328762BB20031615E /* CatAppUITestsLaunchTests.swift in Sources */,
				47498F0A28762BC00031615E /* SnapshotHelper.swift in Sources */,
			);
			runOnlyForDeploymentPostprocessing = 0;
		};
/* End PBXSourcesBuildPhase section */

/* Begin PBXTargetDependency section */
		47498F0528762BB20031615E /* PBXTargetDependency */ = {
			isa = PBXTargetDependency;
			target = 4725EC712858DC66002C27A7 /* CatApp */;
			targetProxy = 47498F0428762BB20031615E /* PBXContainerItemProxy */;
		};
/* End PBXTargetDependency section */

/* Begin XCBuildConfiguration section */
		4725EC7E2858DC67002C27A7 /* Debug */ = {
			isa = XCBuildConfiguration;
			buildSettings = {
				ALWAYS_SEARCH_USER_PATHS = NO;
				CLANG_ANALYZER_NONNULL = YES;
				CLANG_ANALYZER_NUMBER_OBJECT_CONVERSION = YES_AGGRESSIVE;
				CLANG_CXX_LANGUAGE_STANDARD = "gnu++17";
				CLANG_ENABLE_MODULES = YES;
				CLANG_ENABLE_OBJC_ARC = YES;
				CLANG_ENABLE_OBJC_WEAK = YES;
				CLANG_WARN_BLOCK_CAPTURE_AUTORELEASING = YES;
				CLANG_WARN_BOOL_CONVERSION = YES;
				CLANG_WARN_COMMA = YES;
				CLANG_WARN_CONSTANT_CONVERSION = YES;
				CLANG_WARN_DEPRECATED_OBJC_IMPLEMENTATIONS = YES;
				CLANG_WARN_DIRECT_OBJC_ISA_USAGE = YES_ERROR;
				CLANG_WARN_DOCUMENTATION_COMMENTS = YES;
				CLANG_WARN_EMPTY_BODY = YES;
				CLANG_WARN_ENUM_CONVERSION = YES;
				CLANG_WARN_INFINITE_RECURSION = YES;
				CLANG_WARN_INT_CONVERSION = YES;
				CLANG_WARN_NON_LITERAL_NULL_CONVERSION = YES;
				CLANG_WARN_OBJC_IMPLICIT_RETAIN_SELF = YES;
				CLANG_WARN_OBJC_LITERAL_CONVERSION = YES;
				CLANG_WARN_OBJC_ROOT_CLASS = YES_ERROR;
				CLANG_WARN_QUOTED_INCLUDE_IN_FRAMEWORK_HEADER = YES;
				CLANG_WARN_RANGE_LOOP_ANALYSIS = YES;
				CLANG_WARN_STRICT_PROTOTYPES = YES;
				CLANG_WARN_SUSPICIOUS_MOVE = YES;
				CLANG_WARN_UNGUARDED_AVAILABILITY = YES_AGGRESSIVE;
				CLANG_WARN_UNREACHABLE_CODE = YES;
				CLANG_WARN__DUPLICATE_METHOD_MATCH = YES;
				COPY_PHASE_STRIP = NO;
				DEBUG_INFORMATION_FORMAT = dwarf;
				ENABLE_STRICT_OBJC_MSGSEND = YES;
				ENABLE_TESTABILITY = YES;
				GCC_C_LANGUAGE_STANDARD = gnu11;
				GCC_DYNAMIC_NO_PIC = NO;
				GCC_NO_COMMON_BLOCKS = YES;
				GCC_OPTIMIZATION_LEVEL = 0;
				GCC_PREPROCESSOR_DEFINITIONS = (
					"DEBUG=1",
					"$(inherited)",
				);
				GCC_WARN_64_TO_32_BIT_CONVERSION = YES;
				GCC_WARN_ABOUT_RETURN_TYPE = YES_ERROR;
				GCC_WARN_UNDECLARED_SELECTOR = YES;
				GCC_WARN_UNINITIALIZED_AUTOS = YES_AGGRESSIVE;
				GCC_WARN_UNUSED_FUNCTION = YES;
				GCC_WARN_UNUSED_VARIABLE = YES;
				IPHONEOS_DEPLOYMENT_TARGET = 15.5;
				MTL_ENABLE_DEBUG_INFO = INCLUDE_SOURCE;
				MTL_FAST_MATH = YES;
				ONLY_ACTIVE_ARCH = YES;
				SDKROOT = iphoneos;
				SWIFT_ACTIVE_COMPILATION_CONDITIONS = DEBUG;
				SWIFT_OPTIMIZATION_LEVEL = "-Onone";
			};
			name = Debug;
		};
		4725EC7F2858DC67002C27A7 /* Release */ = {
			isa = XCBuildConfiguration;
			buildSettings = {
				ALWAYS_SEARCH_USER_PATHS = NO;
				CLANG_ANALYZER_NONNULL = YES;
				CLANG_ANALYZER_NUMBER_OBJECT_CONVERSION = YES_AGGRESSIVE;
				CLANG_CXX_LANGUAGE_STANDARD = "gnu++17";
				CLANG_ENABLE_MODULES = YES;
				CLANG_ENABLE_OBJC_ARC = YES;
				CLANG_ENABLE_OBJC_WEAK = YES;
				CLANG_WARN_BLOCK_CAPTURE_AUTORELEASING = YES;
				CLANG_WARN_BOOL_CONVERSION = YES;
				CLANG_WARN_COMMA = YES;
				CLANG_WARN_CONSTANT_CONVERSION = YES;
				CLANG_WARN_DEPRECATED_OBJC_IMPLEMENTATIONS = YES;
				CLANG_WARN_DIRECT_OBJC_ISA_USAGE = YES_ERROR;
				CLANG_WARN_DOCUMENTATION_COMMENTS = YES;
				CLANG_WARN_EMPTY_BODY = YES;
				CLANG_WARN_ENUM_CONVERSION = YES;
				CLANG_WARN_INFINITE_RECURSION = YES;
				CLANG_WARN_INT_CONVERSION = YES;
				CLANG_WARN_NON_LITERAL_NULL_CONVERSION = YES;
				CLANG_WARN_OBJC_IMPLICIT_RETAIN_SELF = YES;
				CLANG_WARN_OBJC_LITERAL_CONVERSION = YES;
				CLANG_WARN_OBJC_ROOT_CLASS = YES_ERROR;
				CLANG_WARN_QUOTED_INCLUDE_IN_FRAMEWORK_HEADER = YES;
				CLANG_WARN_RANGE_LOOP_ANALYSIS = YES;
				CLANG_WARN_STRICT_PROTOTYPES = YES;
				CLANG_WARN_SUSPICIOUS_MOVE = YES;
				CLANG_WARN_UNGUARDED_AVAILABILITY = YES_AGGRESSIVE;
				CLANG_WARN_UNREACHABLE_CODE = YES;
				CLANG_WARN__DUPLICATE_METHOD_MATCH = YES;
				COPY_PHASE_STRIP = NO;
				DEBUG_INFORMATION_FORMAT = "dwarf-with-dsym";
				ENABLE_NS_ASSERTIONS = NO;
				ENABLE_STRICT_OBJC_MSGSEND = YES;
				GCC_C_LANGUAGE_STANDARD = gnu11;
				GCC_NO_COMMON_BLOCKS = YES;
				GCC_WARN_64_TO_32_BIT_CONVERSION = YES;
				GCC_WARN_ABOUT_RETURN_TYPE = YES_ERROR;
				GCC_WARN_UNDECLARED_SELECTOR = YES;
				GCC_WARN_UNINITIALIZED_AUTOS = YES_AGGRESSIVE;
				GCC_WARN_UNUSED_FUNCTION = YES;
				GCC_WARN_UNUSED_VARIABLE = YES;
				IPHONEOS_DEPLOYMENT_TARGET = 15.5;
				MTL_ENABLE_DEBUG_INFO = NO;
				MTL_FAST_MATH = YES;
				SDKROOT = iphoneos;
				SWIFT_COMPILATION_MODE = wholemodule;
				SWIFT_OPTIMIZATION_LEVEL = "-O";
				VALIDATE_PRODUCT = YES;
			};
			name = Release;
		};
		4725EC812858DC67002C27A7 /* Debug */ = {
			isa = XCBuildConfiguration;
			buildSettings = {
				ASSETCATALOG_COMPILER_APPICON_NAME = AppIcon;
				ASSETCATALOG_COMPILER_GLOBAL_ACCENT_COLOR_NAME = AccentColor;
				CODE_SIGN_IDENTITY = "iPhone Developer";
				CODE_SIGN_STYLE = Manual;
				CURRENT_PROJECT_VERSION = 1;
				DEBUG_INFORMATION_FORMAT = "dwarf-with-dsym";
				DEVELOPMENT_ASSET_PATHS = "\"CatApp/Preview Content\"";
				DEVELOPMENT_TEAM = VNU8KKW4GG;
				ENABLE_PREVIEWS = YES;
				GENERATE_INFOPLIST_FILE = YES;
				INFOPLIST_FILE = CatApp/Info.plist;
				INFOPLIST_KEY_UIApplicationSceneManifest_Generation = YES;
				INFOPLIST_KEY_UIApplicationSupportsIndirectInputEvents = YES;
				INFOPLIST_KEY_UILaunchScreen_Generation = YES;
				INFOPLIST_KEY_UISupportedInterfaceOrientations_iPad = "UIInterfaceOrientationPortrait UIInterfaceOrientationPortraitUpsideDown UIInterfaceOrientationLandscapeLeft UIInterfaceOrientationLandscapeRight";
				INFOPLIST_KEY_UISupportedInterfaceOrientations_iPhone = "UIInterfaceOrientationPortrait UIInterfaceOrientationLandscapeLeft UIInterfaceOrientationLandscapeRight";
				LD_RUNPATH_SEARCH_PATHS = (
					"$(inherited)",
					"@executable_path/Frameworks",
				);
				MARKETING_VERSION = 1.0;
				PRODUCT_BUNDLE_IDENTIFIER = ua.edu.ukma.ArkhypcukBohdan.CatApp;
				PRODUCT_NAME = "$(TARGET_NAME)";
				PROVISIONING_PROFILE_SPECIFIER = "UKMA Edu Shared Profile";
				SWIFT_EMIT_LOC_STRINGS = YES;
				SWIFT_VERSION = 5.0;
				TARGETED_DEVICE_FAMILY = "1,2";
			};
			name = Debug;
		};
		4725EC822858DC67002C27A7 /* Release */ = {
			isa = XCBuildConfiguration;
			buildSettings = {
				ASSETCATALOG_COMPILER_APPICON_NAME = AppIcon;
				ASSETCATALOG_COMPILER_GLOBAL_ACCENT_COLOR_NAME = AccentColor;
				CODE_SIGN_IDENTITY = "iPhone Developer";
				CODE_SIGN_STYLE = Manual;
				CURRENT_PROJECT_VERSION = 1;
				DEBUG_INFORMATION_FORMAT = "dwarf-with-dsym";
				DEVELOPMENT_ASSET_PATHS = "\"CatApp/Preview Content\"";
				DEVELOPMENT_TEAM = VNU8KKW4GG;
				ENABLE_PREVIEWS = YES;
				GENERATE_INFOPLIST_FILE = YES;
				INFOPLIST_FILE = CatApp/Info.plist;
				INFOPLIST_KEY_UIApplicationSceneManifest_Generation = YES;
				INFOPLIST_KEY_UIApplicationSupportsIndirectInputEvents = YES;
				INFOPLIST_KEY_UILaunchScreen_Generation = YES;
				INFOPLIST_KEY_UISupportedInterfaceOrientations_iPad = "UIInterfaceOrientationPortrait UIInterfaceOrientationPortraitUpsideDown UIInterfaceOrientationLandscapeLeft UIInterfaceOrientationLandscapeRight";
				INFOPLIST_KEY_UISupportedInterfaceOrientations_iPhone = "UIInterfaceOrientationPortrait UIInterfaceOrientationLandscapeLeft UIInterfaceOrientationLandscapeRight";
				LD_RUNPATH_SEARCH_PATHS = (
					"$(inherited)",
					"@executable_path/Frameworks",
				);
				MARKETING_VERSION = 1.0;
				PRODUCT_BUNDLE_IDENTIFIER = ua.edu.ukma.ArkhypcukBohdan.CatApp;
				PRODUCT_NAME = "$(TARGET_NAME)";
				PROVISIONING_PROFILE_SPECIFIER = "UKMA Edu Shared Profile";
				SWIFT_EMIT_LOC_STRINGS = YES;
				SWIFT_VERSION = 5.0;
				TARGETED_DEVICE_FAMILY = "1,2";
			};
			name = Release;
		};
		47498F0628762BB20031615E /* Debug */ = {
			isa = XCBuildConfiguration;
			buildSettings = {
				CODE_SIGN_STYLE = Automatic;
				CURRENT_PROJECT_VERSION = 1;
				DEVELOPMENT_TEAM = VNU8KKW4GG;
				GENERATE_INFOPLIST_FILE = YES;
				MARKETING_VERSION = 1.0;
				PRODUCT_BUNDLE_IDENTIFIER = ua.edu.ukma.ArkhypcukBohdan.CatAppUITests;
				PRODUCT_NAME = "$(TARGET_NAME)";
				SWIFT_EMIT_LOC_STRINGS = NO;
				SWIFT_VERSION = 5.0;
				TARGETED_DEVICE_FAMILY = "1,2";
				TEST_TARGET_NAME = CatApp;
			};
			name = Debug;
		};
		47498F0728762BB20031615E /* Release */ = {
			isa = XCBuildConfiguration;
			buildSettings = {
				CODE_SIGN_STYLE = Automatic;
				CURRENT_PROJECT_VERSION = 1;
				DEVELOPMENT_TEAM = VNU8KKW4GG;
				GENERATE_INFOPLIST_FILE = YES;
				MARKETING_VERSION = 1.0;
				PRODUCT_BUNDLE_IDENTIFIER = ua.edu.ukma.ArkhypcukBohdan.CatAppUITests;
				PRODUCT_NAME = "$(TARGET_NAME)";
				SWIFT_EMIT_LOC_STRINGS = NO;
				SWIFT_VERSION = 5.0;
				TARGETED_DEVICE_FAMILY = "1,2";
				TEST_TARGET_NAME = CatApp;
			};
			name = Release;
		};
/* End XCBuildConfiguration section */

/* Begin XCConfigurationList section */
		4725EC6D2858DC66002C27A7 /* Build configuration list for PBXProject "CatApp" */ = {
			isa = XCConfigurationList;
			buildConfigurations = (
				4725EC7E2858DC67002C27A7 /* Debug */,
				4725EC7F2858DC67002C27A7 /* Release */,
			);
			defaultConfigurationIsVisible = 0;
			defaultConfigurationName = Release;
		};
		4725EC802858DC67002C27A7 /* Build configuration list for PBXNativeTarget "CatApp" */ = {
			isa = XCConfigurationList;
			buildConfigurations = (
				4725EC812858DC67002C27A7 /* Debug */,
				4725EC822858DC67002C27A7 /* Release */,
			);
			defaultConfigurationIsVisible = 0;
			defaultConfigurationName = Release;
		};
		47498F0828762BB20031615E /* Build configuration list for PBXNativeTarget "CatAppUITests" */ = {
			isa = XCConfigurationList;
			buildConfigurations = (
				47498F0628762BB20031615E /* Debug */,
				47498F0728762BB20031615E /* Release */,
			);
			defaultConfigurationIsVisible = 0;
			defaultConfigurationName = Release;
		};
/* End XCConfigurationList section */

/* Begin XCRemoteSwiftPackageReference section */
		474ABF3F28635E3200092FCF /* XCRemoteSwiftPackageReference "firebase-ios-sdk" */ = {
			isa = XCRemoteSwiftPackageReference;
			repositoryURL = "https://github.com/firebase/firebase-ios-sdk";
			requirement = {
				branch = master;
				kind = branch;
			};
		};
/* End XCRemoteSwiftPackageReference section */

/* Begin XCSwiftPackageProductDependency section */
		474ABF4028635E3200092FCF /* FirebaseAppDistribution-Beta */ = {
			isa = XCSwiftPackageProductDependency;
			package = 474ABF3F28635E3200092FCF /* XCRemoteSwiftPackageReference "firebase-ios-sdk" */;
			productName = "FirebaseAppDistribution-Beta";
		};
		474ABF4228635E3200092FCF /* FirebaseCrashlytics */ = {
			isa = XCSwiftPackageProductDependency;
			package = 474ABF3F28635E3200092FCF /* XCRemoteSwiftPackageReference "firebase-ios-sdk" */;
			productName = FirebaseCrashlytics;
		};
		474ABF4428635E3200092FCF /* FirebasePerformance */ = {
			isa = XCSwiftPackageProductDependency;
			package = 474ABF3F28635E3200092FCF /* XCRemoteSwiftPackageReference "firebase-ios-sdk" */;
			productName = FirebasePerformance;
		};
/* End XCSwiftPackageProductDependency section */
	};
	rootObject = 4725EC6A2858DC66002C27A7 /* Project object */;
}
